
Microsoft Visual Studio Solution File, Format Version 12.00
# Visual Studio Version 17
VisualStudioVersion = 17.0.31903.59
MinimumVisualStudioVersion = 10.0.40219.1
Project("{2150E333-8FDC-42A3-9474-1A3956D46DE8}") = "src", "src", "{02EA681E-C7D8-13C7-8484-4AC65E1B71E8}"
EndProject
Project("{2150E333-8FDC-42A3-9474-1A3956D46DE8}") = "API", "API", "{7F670B68-1801-48D6-9061-CCDF3396F1A4}"
EndProject
Project("{FAE04EC0-301F-11D3-BF4B-00C04F79EFBC}") = "JC-Rotas.API", "src\JC-Rotas.API\JC-Rotas.API.csproj", "{98346143-9906-26ED-910F-FC6340566853}"
EndProject
Project("{2150E333-8FDC-42A3-9474-1A3956D46DE8}") = "Domain", "Domain", "{EF92D171-8F02-4747-B095-840828563C0E}"
EndProject
Project("{2150E333-8FDC-42A3-9474-1A3956D46DE8}") = "Infra", "Infra", "{49A7F862-7481-488A-8725-45AF26A83286}"
EndProject
Project("{2150E333-8FDC-42A3-9474-1A3956D46DE8}") = "Tests", "Tests", "{3B5DFE4C-2A8A-4D03-8427-7453F96CD79F}"
EndProject
Project("{2150E333-8FDC-42A3-9474-1A3956D46DE8}") = "Services", "Services", "{2D4CC26B-095A-42B4-9898-2CDAAD78A382}"
EndProject
Project("{FAE04EC0-301F-11D3-BF4B-00C04F79EFBC}") = "JC-Rotas.Domain", "src\JC-Rotas.Domain\JC-Rotas.Domain.csproj", "{1F125C7A-3840-40B3-8B38-1299E195071B}"
EndProject
Project("{FAE04EC0-301F-11D3-BF4B-00C04F79EFBC}") = "JC-Rotas.Infra", "src\JC-Rotas.Infra\JC-Rotas.Infra.csproj", "{CA5BCBDA-45D4-42BB-8F3D-76D9DA676AEB}"
EndProject
Project("{FAE04EC0-301F-11D3-BF4B-00C04F79EFBC}") = "JC-Rotas.Services", "src\JC-Rotas.Services\JC-Rotas.Services.csproj", "{5D011752-1AEF-42D1-BEB2-37842D3AA6EB}"
EndProject
Project("{FAE04EC0-301F-11D3-BF4B-00C04F79EFBC}") = "RotaViagem.Tests", "src\RotaViagem.Tests\RotaViagem.Tests.csproj", "{778ECF83-F648-A1AC-9E16-A79A3E4A66F4}"
EndProject
Global
	GlobalSection(SolutionConfigurationPlatforms) = preSolution
		Debug|Any CPU = Debug|Any CPU
		Release|Any CPU = Release|Any CPU
	EndGlobalSection
	GlobalSection(ProjectConfigurationPlatforms) = postSolution
		{98346143-9906-26ED-910F-FC6340566853}.Debug|Any CPU.ActiveCfg = Debug|Any CPU
		{98346143-9906-26ED-910F-FC6340566853}.Debug|Any CPU.Build.0 = Debug|Any CPU
		{98346143-9906-26ED-910F-FC6340566853}.Release|Any CPU.ActiveCfg = Release|Any CPU
		{98346143-9906-26ED-910F-FC6340566853}.Release|Any CPU.Build.0 = Release|Any CPU
		{1F125C7A-3840-40B3-8B38-1299E195071B}.Debug|Any CPU.ActiveCfg = Debug|Any CPU
		{1F125C7A-3840-40B3-8B38-1299E195071B}.Debug|Any CPU.Build.0 = Debug|Any CPU
		{1F125C7A-3840-40B3-8B38-1299E195071B}.Release|Any CPU.ActiveCfg = Release|Any CPU
		{1F125C7A-3840-40B3-8B38-1299E195071B}.Release|Any CPU.Build.0 = Release|Any CPU
		{CA5BCBDA-45D4-42BB-8F3D-76D9DA676AEB}.Debug|Any CPU.ActiveCfg = Debug|Any CPU
		{CA5BCBDA-45D4-42BB-8F3D-76D9DA676AEB}.Debug|Any CPU.Build.0 = Debug|Any CPU
		{CA5BCBDA-45D4-42BB-8F3D-76D9DA676AEB}.Release|Any CPU.ActiveCfg = Release|Any CPU
		{CA5BCBDA-45D4-42BB-8F3D-76D9DA676AEB}.Release|Any CPU.Build.0 = Release|Any CPU
		{5D011752-1AEF-42D1-BEB2-37842D3AA6EB}.Debug|Any CPU.ActiveCfg = Debug|Any CPU
		{5D011752-1AEF-42D1-BEB2-37842D3AA6EB}.Debug|Any CPU.Build.0 = Debug|Any CPU
		{5D011752-1AEF-42D1-BEB2-37842D3AA6EB}.Release|Any CPU.ActiveCfg = Release|Any CPU
		{5D011752-1AEF-42D1-BEB2-37842D3AA6EB}.Release|Any CPU.Build.0 = Release|Any CPU
		{778ECF83-F648-A1AC-9E16-A79A3E4A66F4}.Debug|Any CPU.ActiveCfg = Debug|Any CPU
		{778ECF83-F648-A1AC-9E16-A79A3E4A66F4}.Debug|Any CPU.Build.0 = Debug|Any CPU
		{778ECF83-F648-A1AC-9E16-A79A3E4A66F4}.Release|Any CPU.ActiveCfg = Release|Any CPU
		{778ECF83-F648-A1AC-9E16-A79A3E4A66F4}.Release|Any CPU.Build.0 = Release|Any CPU
	EndGlobalSection
	GlobalSection(SolutionProperties) = preSolution
		HideSolutionNode = FALSE
	EndGlobalSection
	GlobalSection(NestedProjects) = preSolution
		{7F670B68-1801-48D6-9061-CCDF3396F1A4} = {02EA681E-C7D8-13C7-8484-4AC65E1B71E8}
		{98346143-9906-26ED-910F-FC6340566853} = {7F670B68-1801-48D6-9061-CCDF3396F1A4}
		{EF92D171-8F02-4747-B095-840828563C0E} = {02EA681E-C7D8-13C7-8484-4AC65E1B71E8}
		{49A7F862-7481-488A-8725-45AF26A83286} = {02EA681E-C7D8-13C7-8484-4AC65E1B71E8}
		{3B5DFE4C-2A8A-4D03-8427-7453F96CD79F} = {02EA681E-C7D8-13C7-8484-4AC65E1B71E8}
		{2D4CC26B-095A-42B4-9898-2CDAAD78A382} = {02EA681E-C7D8-13C7-8484-4AC65E1B71E8}
		{1F125C7A-3840-40B3-8B38-1299E195071B} = {EF92D171-8F02-4747-B095-840828563C0E}
		{CA5BCBDA-45D4-42BB-8F3D-76D9DA676AEB} = {49A7F862-7481-488A-8725-45AF26A83286}
		{5D011752-1AEF-42D1-BEB2-37842D3AA6EB} = {2D4CC26B-095A-42B4-9898-2CDAAD78A382}
		{778ECF83-F648-A1AC-9E16-A79A3E4A66F4} = {3B5DFE4C-2A8A-4D03-8427-7453F96CD79F}
	EndGlobalSection
	GlobalSection(ExtensibilityGlobals) = postSolution
		SolutionGuid = {E863DDC5-A9B2-4A30-880E-583D02B2C16B}
	EndGlobalSection
EndGlobal
